// !$*UTF8*$!
{
	archiveVersion = 1;
	classes = {
	};
	objectVersion = 48;
	objects = {

/* Begin PBXBuildFile section */
		7941D06F218DC53C00CDCEC1 /* AppDelegate.swift in Sources */ = {isa = PBXBuildFile; fileRef = 7941D06E218DC53C00CDCEC1 /* AppDelegate.swift */; };
		7941D071218DC53C00CDCEC1 /* ViewController.swift in Sources */ = {isa = PBXBuildFile; fileRef = 7941D070218DC53C00CDCEC1 /* ViewController.swift */; };
		7941D074218DC53C00CDCEC1 /* Main.storyboard in Resources */ = {isa = PBXBuildFile; fileRef = 7941D072218DC53C00CDCEC1 /* Main.storyboard */; };
		7941D076218DC53C00CDCEC1 /* Assets.xcassets in Resources */ = {isa = PBXBuildFile; fileRef = 7941D075218DC53C00CDCEC1 /* Assets.xcassets */; };
		7941D079218DC53C00CDCEC1 /* LaunchScreen.storyboard in Resources */ = {isa = PBXBuildFile; fileRef = 7941D077218DC53C00CDCEC1 /* LaunchScreen.storyboard */; };
		7941D084218DC53C00CDCEC1 /* UITextFieldTests.swift in Sources */ = {isa = PBXBuildFile; fileRef = 7941D083218DC53C00CDCEC1 /* UITextFieldTests.swift */; };
		7941D08F218DC53D00CDCEC1 /* UITextFieldUITests.swift in Sources */ = {isa = PBXBuildFile; fileRef = 7941D08E218DC53D00CDCEC1 /* UITextFieldUITests.swift */; };
/* End PBXBuildFile section */

/* Begin PBXContainerItemProxy section */
		7941D080218DC53C00CDCEC1 /* PBXContainerItemProxy */ = {
			isa = PBXContainerItemProxy;
			containerPortal = 7941D063218DC53C00CDCEC1 /* Project object */;
			proxyType = 1;
			remoteGlobalIDString = 7941D06A218DC53C00CDCEC1;
			remoteInfo = UITextField;
		};
		7941D08B218DC53D00CDCEC1 /* PBXContainerItemProxy */ = {
			isa = PBXContainerItemProxy;
			containerPortal = 7941D063218DC53C00CDCEC1 /* Project object */;
			proxyType = 1;
			remoteGlobalIDString = 7941D06A218DC53C00CDCEC1;
			remoteInfo = UITextField;
		};
/* End PBXContainerItemProxy section */

/* Begin PBXFileReference section */
		7941D06B218DC53C00CDCEC1 /* UITextField.app */ = {isa = PBXFileReference; explicitFileType = wrapper.application; includeInIndex = 0; path = UITextField.app; sourceTree = BUILT_PRODUCTS_DIR; };
		7941D06E218DC53C00CDCEC1 /* AppDelegate.swift */ = {isa = PBXFileReference; lastKnownFileType = sourcecode.swift; path = AppDelegate.swift; sourceTree = "<group>"; };
		7941D070218DC53C00CDCEC1 /* ViewController.swift */ = {isa = PBXFileReference; lastKnownFileType = sourcecode.swift; path = ViewController.swift; sourceTree = "<group>"; };
		7941D073218DC53C00CDCEC1 /* Base */ = {isa = PBXFileReference; lastKnownFileType = file.storyboard; name = Base; path = Base.lproj/Main.storyboard; sourceTree = "<group>"; };
		7941D075218DC53C00CDCEC1 /* Assets.xcassets */ = {isa = PBXFileReference; lastKnownFileType = folder.assetcatalog; path = Assets.xcassets; sourceTree = "<group>"; };
		7941D078218DC53C00CDCEC1 /* Base */ = {isa = PBXFileReference; lastKnownFileType = file.storyboard; name = Base; path = Base.lproj/LaunchScreen.storyboard; sourceTree = "<group>"; };
		7941D07A218DC53C00CDCEC1 /* Info.plist */ = {isa = PBXFileReference; lastKnownFileType = text.plist.xml; path = Info.plist; sourceTree = "<group>"; };
		7941D07F218DC53C00CDCEC1 /* UITextFieldTests.xctest */ = {isa = PBXFileReference; explicitFileType = wrapper.cfbundle; includeInIndex = 0; path = UITextFieldTests.xctest; sourceTree = BUILT_PRODUCTS_DIR; };
		7941D083218DC53C00CDCEC1 /* UITextFieldTests.swift */ = {isa = PBXFileReference; lastKnownFileType = sourcecode.swift; path = UITextFieldTests.swift; sourceTree = "<group>"; };
		7941D085218DC53D00CDCEC1 /* Info.plist */ = {isa = PBXFileReference; lastKnownFileType = text.plist.xml; path = Info.plist; sourceTree = "<group>"; };
		7941D08A218DC53D00CDCEC1 /* UITextFieldUITests.xctest */ = {isa = PBXFileReference; explicitFileType = wrapper.cfbundle; includeInIndex = 0; path = UITextFieldUITests.xctest; sourceTree = BUILT_PRODUCTS_DIR; };
		7941D08E218DC53D00CDCEC1 /* UITextFieldUITests.swift */ = {isa = PBXFileReference; lastKnownFileType = sourcecode.swift; path = UITextFieldUITests.swift; sourceTree = "<group>"; };
		7941D090218DC53D00CDCEC1 /* Info.plist */ = {isa = PBXFileReference; lastKnownFileType = text.plist.xml; path = Info.plist; sourceTree = "<group>"; };
/* End PBXFileReference section */

/* Begin PBXFrameworksBuildPhase section */
		7941D068218DC53C00CDCEC1 /* Frameworks */ = {
			isa = PBXFrameworksBuildPhase;
			buildActionMask = 2147483647;
			files = (
			);
			runOnlyForDeploymentPostprocessing = 0;
		};
		7941D07C218DC53C00CDCEC1 /* Frameworks */ = {
			isa = PBXFrameworksBuildPhase;
			buildActionMask = 2147483647;
			files = (
			);
			runOnlyForDeploymentPostprocessing = 0;
		};
		7941D087218DC53D00CDCEC1 /* Frameworks */ = {
			isa = PBXFrameworksBuildPhase;
			buildActionMask = 2147483647;
			files = (
			);
			runOnlyForDeploymentPostprocessing = 0;
		};
/* End PBXFrameworksBuildPhase section */

/* Begin PBXGroup section */
		7941D062218DC53C00CDCEC1 = {
			isa = PBXGroup;
			children = (
				7941D06D218DC53C00CDCEC1 /* UITextField */,
				7941D082218DC53C00CDCEC1 /* UITextFieldTests */,
				7941D08D218DC53D00CDCEC1 /* UITextFieldUITests */,
				7941D06C218DC53C00CDCEC1 /* Products */,
			);
			sourceTree = "<group>";
		};
		7941D06C218DC53C00CDCEC1 /* Products */ = {
			isa = PBXGroup;
			children = (
				7941D06B218DC53C00CDCEC1 /* UITextField.app */,
				7941D07F218DC53C00CDCEC1 /* UITextFieldTests.xctest */,
				7941D08A218DC53D00CDCEC1 /* UITextFieldUITests.xctest */,
			);
			name = Products;
			sourceTree = "<group>";
		};
		7941D06D218DC53C00CDCEC1 /* UITextField */ = {
			isa = PBXGroup;
			children = (
				7941D06E218DC53C00CDCEC1 /* AppDelegate.swift */,
				7941D070218DC53C00CDCEC1 /* ViewController.swift */,
				7941D072218DC53C00CDCEC1 /* Main.storyboard */,
				7941D075218DC53C00CDCEC1 /* Assets.xcassets */,
				7941D077218DC53C00CDCEC1 /* LaunchScreen.storyboard */,
				7941D07A218DC53C00CDCEC1 /* Info.plist */,
			);
			path = UITextField;
			sourceTree = "<group>";
		};
		7941D082218DC53C00CDCEC1 /* UITextFieldTests */ = {
			isa = PBXGroup;
			children = (
				7941D083218DC53C00CDCEC1 /* UITextFieldTests.swift */,
				7941D085218DC53D00CDCEC1 /* Info.plist */,
			);
			path = UITextFieldTests;
			sourceTree = "<group>";
		};
		7941D08D218DC53D00CDCEC1 /* UITextFieldUITests */ = {
			isa = PBXGroup;
			children = (
				7941D08E218DC53D00CDCEC1 /* UITextFieldUITests.swift */,
				7941D090218DC53D00CDCEC1 /* Info.plist */,
			);
			path = UITextFieldUITests;
			sourceTree = "<group>";
		};
/* End PBXGroup section */

/* Begin PBXNativeTarget section */
		7941D06A218DC53C00CDCEC1 /* UITextField */ = {
			isa = PBXNativeTarget;
			buildConfigurationList = 7941D093218DC53D00CDCEC1 /* Build configuration list for PBXNativeTarget "UITextField" */;
			buildPhases = (
				7941D067218DC53C00CDCEC1 /* Sources */,
				7941D068218DC53C00CDCEC1 /* Frameworks */,
				7941D069218DC53C00CDCEC1 /* Resources */,
			);
			buildRules = (
			);
			dependencies = (
			);
			name = UITextField;
			productName = UITextField;
			productReference = 7941D06B218DC53C00CDCEC1 /* UITextField.app */;
			productType = "com.apple.product-type.application";
		};
		7941D07E218DC53C00CDCEC1 /* UITextFieldTests */ = {
			isa = PBXNativeTarget;
			buildConfigurationList = 7941D096218DC53D00CDCEC1 /* Build configuration list for PBXNativeTarget "UITextFieldTests" */;
			buildPhases = (
				7941D07B218DC53C00CDCEC1 /* Sources */,
				7941D07C218DC53C00CDCEC1 /* Frameworks */,
				7941D07D218DC53C00CDCEC1 /* Resources */,
			);
			buildRules = (
			);
			dependencies = (
				7941D081218DC53C00CDCEC1 /* PBXTargetDependency */,
			);
			name = UITextFieldTests;
			productName = UITextFieldTests;
			productReference = 7941D07F218DC53C00CDCEC1 /* UITextFieldTests.xctest */;
			productType = "com.apple.product-type.bundle.unit-test";
		};
		7941D089218DC53D00CDCEC1 /* UITextFieldUITests */ = {
			isa = PBXNativeTarget;
			buildConfigurationList = 7941D099218DC53D00CDCEC1 /* Build configuration list for PBXNativeTarget "UITextFieldUITests" */;
			buildPhases = (
				7941D086218DC53D00CDCEC1 /* Sources */,
				7941D087218DC53D00CDCEC1 /* Frameworks */,
				7941D088218DC53D00CDCEC1 /* Resources */,
			);
			buildRules = (
			);
			dependencies = (
				7941D08C218DC53D00CDCEC1 /* PBXTargetDependency */,
			);
			name = UITextFieldUITests;
			productName = UITextFieldUITests;
			productReference = 7941D08A218DC53D00CDCEC1 /* UITextFieldUITests.xctest */;
			productType = "com.apple.product-type.bundle.ui-testing";
		};
/* End PBXNativeTarget section */

/* Begin PBXProject section */
		7941D063218DC53C00CDCEC1 /* Project object */ = {
			isa = PBXProject;
			attributes = {
				LastSwiftUpdateCheck = 0920;
				LastUpgradeCheck = 0920;
				ORGANIZATIONNAME = sillysnnall;
				TargetAttributes = {
					7941D06A218DC53C00CDCEC1 = {
						CreatedOnToolsVersion = 9.2;
						ProvisioningStyle = Automatic;
					};
					7941D07E218DC53C00CDCEC1 = {
						CreatedOnToolsVersion = 9.2;
						ProvisioningStyle = Automatic;
						TestTargetID = 7941D06A218DC53C00CDCEC1;
					};
					7941D089218DC53D00CDCEC1 = {
						CreatedOnToolsVersion = 9.2;
						ProvisioningStyle = Automatic;
						TestTargetID = 7941D06A218DC53C00CDCEC1;
					};
				};
			};
			buildConfigurationList = 7941D066218DC53C00CDCEC1 /* Build configuration list for PBXProject "UITextField" */;
			compatibilityVersion = "Xcode 8.0";
			developmentRegion = en;
			hasScannedForEncodings = 0;
			knownRegions = (
				en,
				Base,
			);
			mainGroup = 7941D062218DC53C00CDCEC1;
			productRefGroup = 7941D06C218DC53C00CDCEC1 /* Products */;
			projectDirPath = "";
			projectRoot = "";
			targets = (
				7941D06A218DC53C00CDCEC1 /* UITextField */,
				7941D07E218DC53C00CDCEC1 /* UITextFieldTests */,
				7941D089218DC53D00CDCEC1 /* UITextFieldUITests */,
			);
		};
/* End PBXProject section */

/* Begin PBXResourcesBuildPhase section */
		7941D069218DC53C00CDCEC1 /* Resources */ = {
			isa = PBXResourcesBuildPhase;
			buildActionMask = 2147483647;
			files = (
				7941D079218DC53C00CDCEC1 /* LaunchScreen.storyboard in Resources */,
				7941D076218DC53C00CDCEC1 /* Assets.xcassets in Resources */,
				7941D074218DC53C00CDCEC1 /* Main.storyboard in Resources */,
			);
			runOnlyForDeploymentPostprocessing = 0;
		};
		7941D07D218DC53C00CDCEC1 /* Resources */ = {
			isa = PBXResourcesBuildPhase;
			buildActionMask = 2147483647;
			files = (
			);
			runOnlyForDeploymentPostprocessing = 0;
		};
		7941D088218DC53D00CDCEC1 /* Resources */ = {
			isa = PBXResourcesBuildPhase;
			buildActionMask = 2147483647;
			files = (
			);
			runOnlyForDeploymentPostprocessing = 0;
		};
/* End PBXResourcesBuildPhase section */

/* Begin PBXSourcesBuildPhase section */
		7941D067218DC53C00CDCEC1 /* Sources */ = {
			isa = PBXSourcesBuildPhase;
			buildActionMask = 2147483647;
			files = (
				7941D071218DC53C00CDCEC1 /* ViewController.swift in Sources */,
				7941D06F218DC53C00CDCEC1 /* AppDelegate.swift in Sources */,
			);
			runOnlyForDeploymentPostprocessing = 0;
		};
		7941D07B218DC53C00CDCEC1 /* Sources */ = {
			isa = PBXSourcesBuildPhase;
			buildActionMask = 2147483647;
			files = (
				7941D084218DC53C00CDCEC1 /* UITextFieldTests.swift in Sources */,
			);
			runOnlyForDeploymentPostprocessing = 0;
		};
		7941D086218DC53D00CDCEC1 /* Sources */ = {
			isa = PBXSourcesBuildPhase;
			buildActionMask = 2147483647;
			files = (
				7941D08F218DC53D00CDCEC1 /* UITextFieldUITests.swift in Sources */,
			);
			runOnlyForDeploymentPostprocessing = 0;
		};
/* End PBXSourcesBuildPhase section */

/* Begin PBXTargetDependency section */
		7941D081218DC53C00CDCEC1 /* PBXTargetDependency */ = {
			isa = PBXTargetDependency;
			target = 7941D06A218DC53C00CDCEC1 /* UITextField */;
			targetProxy = 7941D080218DC53C00CDCEC1 /* PBXContainerItemProxy */;
		};
		7941D08C218DC53D00CDCEC1 /* PBXTargetDependency */ = {
			isa = PBXTargetDependency;
			target = 7941D06A218DC53C00CDCEC1 /* UITextField */;
			targetProxy = 7941D08B218DC53D00CDCEC1 /* PBXContainerItemProxy */;
		};
/* End PBXTargetDependency section */

/* Begin PBXVariantGroup section */
		7941D072218DC53C00CDCEC1 /* Main.storyboard */ = {
			isa = PBXVariantGroup;
			children = (
				7941D073218DC53C00CDCEC1 /* Base */,
			);
			name = Main.storyboard;
			sourceTree = "<group>";
		};
		7941D077218DC53C00CDCEC1 /* LaunchScreen.storyboard */ = {
			isa = PBXVariantGroup;
			children = (
				7941D078218DC53C00CDCEC1 /* Base */,
			);
			name = LaunchScreen.storyboard;
			sourceTree = "<group>";
		};
/* End PBXVariantGroup section */

/* Begin XCBuildConfiguration section */
		7941D091218DC53D00CDCEC1 /* Debug */ = {
			isa = XCBuildConfiguration;
			buildSettings = {
				ALWAYS_SEARCH_USER_PATHS = NO;
				CLANG_ANALYZER_NONNULL = YES;
				CLANG_ANALYZER_NUMBER_OBJECT_CONVERSION = YES_AGGRESSIVE;
				CLANG_CXX_LANGUAGE_STANDARD = "gnu++14";
				CLANG_CXX_LIBRARY = "libc++";
				CLANG_ENABLE_MODULES = YES;
				CLANG_ENABLE_OBJC_ARC = YES;
				CLANG_WARN_BLOCK_CAPTURE_AUTORELEASING = YES;
				CLANG_WARN_BOOL_CONVERSION = YES;
				CLANG_WARN_COMMA = YES;
				CLANG_WARN_CONSTANT_CONVERSION = YES;
				CLANG_WARN_DIRECT_OBJC_ISA_USAGE = YES_ERROR;
				CLANG_WARN_DOCUMENTATION_COMMENTS = YES;
				CLANG_WARN_EMPTY_BODY = YES;
				CLANG_WARN_ENUM_CONVERSION = YES;
				CLANG_WARN_INFINITE_RECURSION = YES;
				CLANG_WARN_INT_CONVERSION = YES;
				CLANG_WARN_NON_LITERAL_NULL_CONVERSION = YES;
				CLANG_WARN_OBJC_LITERAL_CONVERSION = YES;
				CLANG_WARN_OBJC_ROOT_CLASS = YES_ERROR;
				CLANG_WARN_RANGE_LOOP_ANALYSIS = YES;
				CLANG_WARN_STRICT_PROTOTYPES = YES;
				CLANG_WARN_SUSPICIOUS_MOVE = YES;
				CLANG_WARN_UNGUARDED_AVAILABILITY = YES_AGGRESSIVE;
				CLANG_WARN_UNREACHABLE_CODE = YES;
				CLANG_WARN__DUPLICATE_METHOD_MATCH = YES;
				CODE_SIGN_IDENTITY = "iPhone Developer";
				COPY_PHASE_STRIP = NO;
				DEBUG_INFORMATION_FORMAT = dwarf;
				ENABLE_STRICT_OBJC_MSGSEND = YES;
				ENABLE_TESTABILITY = YES;
				GCC_C_LANGUAGE_STANDARD = gnu11;
				GCC_DYNAMIC_NO_PIC = NO;
				GCC_NO_COMMON_BLOCKS = YES;
				GCC_OPTIMIZATION_LEVEL = 0;
				GCC_PREPROCESSOR_DEFINITIONS = (
					"DEBUG=1",
					"$(inherited)",
				);
				GCC_WARN_64_TO_32_BIT_CONVERSION = YES;
				GCC_WARN_ABOUT_RETURN_TYPE = YES_ERROR;
				GCC_WARN_UNDECLARED_SELECTOR = YES;
				GCC_WARN_UNINITIALIZED_AUTOS = YES_AGGRESSIVE;
				GCC_WARN_UNUSED_FUNCTION = YES;
				GCC_WARN_UNUSED_VARIABLE = YES;
				IPHONEOS_DEPLOYMENT_TARGET = 11.2;
				MTL_ENABLE_DEBUG_INFO = YES;
				ONLY_ACTIVE_ARCH = YES;
				SDKROOT = iphoneos;
				SWIFT_ACTIVE_COMPILATION_CONDITIONS = DEBUG;
				SWIFT_OPTIMIZATION_LEVEL = "-Onone";
			};
			name = Debug;
		};
		7941D092218DC53D00CDCEC1 /* Release */ = {
			isa = XCBuildConfiguration;
			buildSettings = {
				ALWAYS_SEARCH_USER_PATHS = NO;
				CLANG_ANALYZER_NONNULL = YES;
				CLANG_ANALYZER_NUMBER_OBJECT_CONVERSION = YES_AGGRESSIVE;
				CLANG_CXX_LANGUAGE_STANDARD = "gnu++14";
				CLANG_CXX_LIBRARY = "libc++";
				CLANG_ENABLE_MODULES = YES;
				CLANG_ENABLE_OBJC_ARC = YES;
				CLANG_WARN_BLOCK_CAPTURE_AUTORELEASING = YES;
				CLANG_WARN_BOOL_CONVERSION = YES;
				CLANG_WARN_COMMA = YES;
				CLANG_WARN_CONSTANT_CONVERSION = YES;
				CLANG_WARN_DIRECT_OBJC_ISA_USAGE = YES_ERROR;
				CLANG_WARN_DOCUMENTATION_COMMENTS = YES;
				CLANG_WARN_EMPTY_BODY = YES;
				CLANG_WARN_ENUM_CONVERSION = YES;
				CLANG_WARN_INFINITE_RECURSION = YES;
				CLANG_WARN_INT_CONVERSION = YES;
				CLANG_WARN_NON_LITERAL_NULL_CONVERSION = YES;
				CLANG_WARN_OBJC_LITERAL_CONVERSION = YES;
				CLANG_WARN_OBJC_ROOT_CLASS = YES_ERROR;
				CLANG_WARN_RANGE_LOOP_ANALYSIS = YES;
				CLANG_WARN_STRICT_PROTOTYPES = YES;
				CLANG_WARN_SUSPICIOUS_MOVE = YES;
				CLANG_WARN_UNGUARDED_AVAILABILITY = YES_AGGRESSIVE;
				CLANG_WARN_UNREACHABLE_CODE = YES;
				CLANG_WARN__DUPLICATE_METHOD_MATCH = YES;
				CODE_SIGN_IDENTITY = "iPhone Developer";
				COPY_PHASE_STRIP = NO;
				DEBUG_INFORMATION_FORMAT = "dwarf-with-dsym";
				ENABLE_NS_ASSERTIONS = NO;
				ENABLE_STRICT_OBJC_MSGSEND = YES;
				GCC_C_LANGUAGE_STANDARD = gnu11;
				GCC_NO_COMMON_BLOCKS = YES;
				GCC_WARN_64_TO_32_BIT_CONVERSION = YES;
				GCC_WARN_ABOUT_RETURN_TYPE = YES_ERROR;
				GCC_WARN_UNDECLARED_SELECTOR = YES;
				GCC_WARN_UNINITIALIZED_AUTOS = YES_AGGRESSIVE;
				GCC_WARN_UNUSED_FUNCTION = YES;
				GCC_WARN_UNUSED_VARIABLE = YES;
				IPHONEOS_DEPLOYMENT_TARGET = 11.2;
				MTL_ENABLE_DEBUG_INFO = NO;
				SDKROOT = iphoneos;
				SWIFT_OPTIMIZATION_LEVEL = "-Owholemodule";
				VALIDATE_PRODUCT = YES;
			};
			name = Release;
		};
		7941D094218DC53D00CDCEC1 /* Debug */ = {
			isa = XCBuildConfiguration;
			buildSettings = {
				ASSETCATALOG_COMPILER_APPICON_NAME = AppIcon;
				CODE_SIGN_STYLE = Automatic;
				INFOPLIST_FILE = UITextField/Info.plist;
				LD_RUNPATH_SEARCH_PATHS = "$(inherited) @executable_path/Frameworks";
				PRODUCT_BUNDLE_IDENTIFIER = com.sillysnnall.UITextField;
				PRODUCT_NAME = "$(TARGET_NAME)";
				SWIFT_VERSION = 4.0;
				TARGETED_DEVICE_FAMILY = "1,2";
			};
			name = Debug;
		};
		7941D095218DC53D00CDCEC1 /* Release */ = {
			isa = XCBuildConfiguration;
			buildSettings = {
				ASSETCATALOG_COMPILER_APPICON_NAME = AppIcon;
				CODE_SIGN_STYLE = Automatic;
				INFOPLIST_FILE = UITextField/Info.plist;
				LD_RUNPATH_SEARCH_PATHS = "$(inherited) @executable_path/Frameworks";
				PRODUCT_BUNDLE_IDENTIFIER = com.sillysnnall.UITextField;
				PRODUCT_NAME = "$(TARGET_NAME)";
				SWIFT_VERSION = 4.0;
				TARGETED_DEVICE_FAMILY = "1,2";
			};
			name = Release;
		};
		7941D097218DC53D00CDCEC1 /* Debug */ = {
			isa = XCBuildConfiguration;
			buildSettings = {
				ALWAYS_EMBED_SWIFT_STANDARD_LIBRARIES = YES;
				BUNDLE_LOADER = "$(TEST_HOST)";
				CODE_SIGN_STYLE = Automatic;
				INFOPLIST_FILE = UITextFieldTests/Info.plist;
				LD_RUNPATH_SEARCH_PATHS = "$(inherited) @executable_path/Frameworks @loader_path/Frameworks";
				PRODUCT_BUNDLE_IDENTIFIER = com.sillysnnall.UITextFieldTests;
				PRODUCT_NAME = "$(TARGET_NAME)";
				SWIFT_VERSION = 4.0;
				TARGETED_DEVICE_FAMILY = "1,2";
				TEST_HOST = "$(BUILT_PRODUCTS_DIR)/UITextField.app/UITextField";
			};
			name = Debug;
		};
		7941D098218DC53D00CDCEC1 /* Release */ = {
			isa = XCBuildConfiguration;
			buildSettings = {
				ALWAYS_EMBED_SWIFT_STANDARD_LIBRARIES = YES;
				BUNDLE_LOADER = "$(TEST_HOST)";
				CODE_SIGN_STYLE = Automatic;
				INFOPLIST_FILE = UITextFieldTests/Info.plist;
				LD_RUNPATH_SEARCH_PATHS = "$(inherited) @executable_path/Frameworks @loader_path/Frameworks";
				PRODUCT_BUNDLE_IDENTIFIER = com.sillysnnall.UITextFieldTests;
				PRODUCT_NAME = "$(TARGET_NAME)";
				SWIFT_VERSION = 4.0;
				TARGETED_DEVICE_FAMILY = "1,2";
				TEST_HOST = "$(BUILT_PRODUCTS_DIR)/UITextField.app/UITextField";
			};
			name = Release;
		};
		7941D09A218DC53D00CDCEC1 /* Debug */ = {
			isa = XCBuildConfiguration;
			buildSettings = {
				ALWAYS_EMBED_SWIFT_STANDARD_LIBRARIES = YES;
				CODE_SIGN_STYLE = Automatic;
				INFOPLIST_FILE = UITextFieldUITests/Info.plist;
				LD_RUNPATH_SEARCH_PATHS = "$(inherited) @executable_path/Frameworks @loader_path/Frameworks";
				PRODUCT_BUNDLE_IDENTIFIER = com.sillysnnall.UITextFieldUITests;
				PRODUCT_NAME = "$(TARGET_NAME)";
				SWIFT_VERSION = 4.0;
				TARGETED_DEVICE_FAMILY = "1,2";
				TEST_TARGET_NAME = UITextField;
			};
			name = Debug;
		};
		7941D09B218DC53D00CDCEC1 /* Release */ = {
			isa = XCBuildConfiguration;
			buildSettings = {
				ALWAYS_EMBED_SWIFT_STANDARD_LIBRARIES = YES;
				CODE_SIGN_STYLE = Automatic;
				INFOPLIST_FILE = UITextFieldUITests/Info.plist;
				LD_RUNPATH_SEARCH_PATHS = "$(inherited) @executable_path/Frameworks @loader_path/Frameworks";
				PRODUCT_BUNDLE_IDENTIFIER = com.sillysnnall.UITextFieldUITests;
				PRODUCT_NAME = "$(TARGET_NAME)";
				SWIFT_VERSION = 4.0;
				TARGETED_DEVICE_FAMILY = "1,2";
				TEST_TARGET_NAME = UITextField;
			};
			name = Release;
		};
/* End XCBuildConfiguration section */

/* Begin XCConfigurationList section */
		7941D066218DC53C00CDCEC1 /* Build configuration list for PBXProject "UITextField" */ = {
			isa = XCConfigurationList;
			buildConfigurations = (
				7941D091218DC53D00CDCEC1 /* Debug */,
				7941D092218DC53D00CDCEC1 /* Release */,
			);
			defaultConfigurationIsVisible = 0;
			defaultConfigurationName = Release;
		};
		7941D093218DC53D00CDCEC1 /* Build configuration list for PBXNativeTarget "UITextField" */ = {
			isa = XCConfigurationList;
			buildConfigurations = (
				7941D094218DC53D00CDCEC1 /* Debug */,
				7941D095218DC53D00CDCEC1 /* Release */,
			);
			defaultConfigurationIsVisible = 0;
			defaultConfigurationName = Release;
		};
		7941D096218DC53D00CDCEC1 /* Build configuration list for PBXNativeTarget "UITextFieldTests" */ = {
			isa = XCConfigurationList;
			buildConfigurations = (
				7941D097218DC53D00CDCEC1 /* Debug */,
				7941D098218DC53D00CDCEC1 /* Release */,
			);
			defaultConfigurationIsVisible = 0;
			defaultConfigurationName = Release;
		};
		7941D099218DC53D00CDCEC1 /* Build configuration list for PBXNativeTarget "UITextFieldUITests" */ = {
			isa = XCConfigurationList;
			buildConfigurations = (
				7941D09A218DC53D00CDCEC1 /* Debug */,
				7941D09B218DC53D00CDCEC1 /* Release */,
			);
			defaultConfigurationIsVisible = 0;
			defaultConfigurationName = Release;
		};
/* End XCConfigurationList section */
	};
	rootObject = 7941D063218DC53C00CDCEC1 /* Project object */;
}
